
Microsoft Visual Studio Solution File, Format Version 12.00
# Visual Studio Version 17
VisualStudioVersion = 17.7.34003.232
MinimumVisualStudioVersion = 10.0.40219.1
Project("{9A19103F-16F7-4668-BE54-9A1E7A4F7556}") = "ArabaSatisSitesi", "ArabaSatisSitesi\ArabaSatisSitesi.csproj", "{D0287CCD-11D5-4E95-A10B-46B6F25C41F8}"
EndProject
Global
	GlobalSection(SolutionConfigurationPlatforms) = preSolution
		Debug|Any CPU = Debug|Any CPU
		Release|Any CPU = Release|Any CPU
	EndGlobalSection
	GlobalSection(ProjectConfigurationPlatforms) = postSolution
		{D0287CCD-11D5-4E95-A10B-46B6F25C41F8}.Debug|Any CPU.ActiveCfg = Debug|Any CPU
		{D0287CCD-11D5-4E95-A10B-46B6F25C41F8}.Debug|Any CPU.Build.0 = Debug|Any CPU
		{D0287CCD-11D5-4E95-A10B-46B6F25C41F8}.Release|Any CPU.ActiveCfg = Release|Any CPU
		{D0287CCD-11D5-4E95-A10B-46B6F25C41F8}.Release|Any CPU.Build.0 = Release|Any CPU
	EndGlobalSection
	GlobalSection(SolutionProperties) = preSolution
		HideSolutionNode = FALSE
	EndGlobalSection
	GlobalSection(ExtensibilityGlobals) = postSolution
		SolutionGuid = {86798F96-256F-4A17-8358-F9FFB019F9DF}
	EndGlobalSection
EndGlobal
